
Microsoft Visual Studio Solution File, Format Version 12.00
# Visual Studio Version 17
VisualStudioVersion = 17.11.35219.272
MinimumVisualStudioVersion = 10.0.40219.1
Project("{8BC9CEB8-8B4A-11D0-8D11-00A0C91BC942}") = "2.4_funtion_paramaeters_double_user_input", "2.4_funtion_paramaeters_double_user_input\2.4_funtion_paramaeters_double_user_input.vcxproj", "{C58D127A-23B6-4CD2-8E56-E205AC23CD65}"
EndProject
Global
	GlobalSection(SolutionConfigurationPlatforms) = preSolution
		Debug|x64 = Debug|x64
		Debug|x86 = Debug|x86
		Release|x64 = Release|x64
		Release|x86 = Release|x86
	EndGlobalSection
	GlobalSection(ProjectConfigurationPlatforms) = postSolution
		{C58D127A-23B6-4CD2-8E56-E205AC23CD65}.Debug|x64.ActiveCfg = Debug|x64
		{C58D127A-23B6-4CD2-8E56-E205AC23CD65}.Debug|x64.Build.0 = Debug|x64
		{C58D127A-23B6-4CD2-8E56-E205AC23CD65}.Debug|x86.ActiveCfg = Debug|Win32
		{C58D127A-23B6-4CD2-8E56-E205AC23CD65}.Debug|x86.Build.0 = Debug|Win32
		{C58D127A-23B6-4CD2-8E56-E205AC23CD65}.Release|x64.ActiveCfg = Release|x64
		{C58D127A-23B6-4CD2-8E56-E205AC23CD65}.Release|x64.Build.0 = Release|x64
		{C58D127A-23B6-4CD2-8E56-E205AC23CD65}.Release|x86.ActiveCfg = Release|Win32
		{C58D127A-23B6-4CD2-8E56-E205AC23CD65}.Release|x86.Build.0 = Release|Win32
	EndGlobalSection
	GlobalSection(SolutionProperties) = preSolution
		HideSolutionNode = FALSE
	EndGlobalSection
	GlobalSection(ExtensibilityGlobals) = postSolution
		SolutionGuid = {6E60A191-E55D-4B7C-A13B-37D519B2ABA6}
	EndGlobalSection
EndGlobal
