
Microsoft Visual Studio Solution File, Format Version 12.00
# Visual Studio Version 17
VisualStudioVersion = 17.11.35219.272
MinimumVisualStudioVersion = 10.0.40219.1
Project("{8BC9CEB8-8B4A-11D0-8D11-00A0C91BC942}") = "2.12_HeaderGaurds_basics", "2.12_HeaderGaurds_basics\2.12_HeaderGaurds_basics.vcxproj", "{9B05D0D3-D8E0-49E7-A1E5-80E6D56CF8AF}"
EndProject
Global
	GlobalSection(SolutionConfigurationPlatforms) = preSolution
		Debug|x64 = Debug|x64
		Debug|x86 = Debug|x86
		Release|x64 = Release|x64
		Release|x86 = Release|x86
	EndGlobalSection
	GlobalSection(ProjectConfigurationPlatforms) = postSolution
		{9B05D0D3-D8E0-49E7-A1E5-80E6D56CF8AF}.Debug|x64.ActiveCfg = Debug|x64
		{9B05D0D3-D8E0-49E7-A1E5-80E6D56CF8AF}.Debug|x64.Build.0 = Debug|x64
		{9B05D0D3-D8E0-49E7-A1E5-80E6D56CF8AF}.Debug|x86.ActiveCfg = Debug|Win32
		{9B05D0D3-D8E0-49E7-A1E5-80E6D56CF8AF}.Debug|x86.Build.0 = Debug|Win32
		{9B05D0D3-D8E0-49E7-A1E5-80E6D56CF8AF}.Release|x64.ActiveCfg = Release|x64
		{9B05D0D3-D8E0-49E7-A1E5-80E6D56CF8AF}.Release|x64.Build.0 = Release|x64
		{9B05D0D3-D8E0-49E7-A1E5-80E6D56CF8AF}.Release|x86.ActiveCfg = Release|Win32
		{9B05D0D3-D8E0-49E7-A1E5-80E6D56CF8AF}.Release|x86.Build.0 = Release|Win32
	EndGlobalSection
	GlobalSection(SolutionProperties) = preSolution
		HideSolutionNode = FALSE
	EndGlobalSection
	GlobalSection(ExtensibilityGlobals) = postSolution
		SolutionGuid = {0477B27C-8F04-4EF5-B183-768B7612855A}
	EndGlobalSection
EndGlobal
