
Microsoft Visual Studio Solution File, Format Version 12.00
# Visual Studio Version 17
VisualStudioVersion = 17.11.35219.272
MinimumVisualStudioVersion = 10.0.40219.1
Project("{8BC9CEB8-8B4A-11D0-8D11-00A0C91BC942}") = "ch04_BoolaplhaOperator_ex", "ch04_BoolaplhaOperator_ex\ch04_BoolaplhaOperator_ex.vcxproj", "{7B69CBEF-9DC6-4ACC-B88A-A6E90EE7DDAE}"
EndProject
Global
	GlobalSection(SolutionConfigurationPlatforms) = preSolution
		Debug|x64 = Debug|x64
		Debug|x86 = Debug|x86
		Release|x64 = Release|x64
		Release|x86 = Release|x86
	EndGlobalSection
	GlobalSection(ProjectConfigurationPlatforms) = postSolution
		{7B69CBEF-9DC6-4ACC-B88A-A6E90EE7DDAE}.Debug|x64.ActiveCfg = Debug|x64
		{7B69CBEF-9DC6-4ACC-B88A-A6E90EE7DDAE}.Debug|x64.Build.0 = Debug|x64
		{7B69CBEF-9DC6-4ACC-B88A-A6E90EE7DDAE}.Debug|x86.ActiveCfg = Debug|Win32
		{7B69CBEF-9DC6-4ACC-B88A-A6E90EE7DDAE}.Debug|x86.Build.0 = Debug|Win32
		{7B69CBEF-9DC6-4ACC-B88A-A6E90EE7DDAE}.Release|x64.ActiveCfg = Release|x64
		{7B69CBEF-9DC6-4ACC-B88A-A6E90EE7DDAE}.Release|x64.Build.0 = Release|x64
		{7B69CBEF-9DC6-4ACC-B88A-A6E90EE7DDAE}.Release|x86.ActiveCfg = Release|Win32
		{7B69CBEF-9DC6-4ACC-B88A-A6E90EE7DDAE}.Release|x86.Build.0 = Release|Win32
	EndGlobalSection
	GlobalSection(SolutionProperties) = preSolution
		HideSolutionNode = FALSE
	EndGlobalSection
	GlobalSection(ExtensibilityGlobals) = postSolution
		SolutionGuid = {3D446F95-1B5F-4ED2-99D7-C527703A2471}
	EndGlobalSection
EndGlobal
